// !$*UTF8*$!
{
	archiveVersion = 1;
	classes = {
	};
	objectVersion = 56;
	objects = {

/* Begin PBXBuildFile section */
		17FEB6D62C94158500C80B70 /* AppDelegate.swift in Sources */ = {isa = PBXBuildFile; fileRef = 17FEB6D52C94158500C80B70 /* AppDelegate.swift */; };
		17FEB6D82C94158500C80B70 /* SceneDelegate.swift in Sources */ = {isa = PBXBuildFile; fileRef = 17FEB6D72C94158500C80B70 /* SceneDelegate.swift */; };
		17FEB6DA2C94158500C80B70 /* ViewController.swift in Sources */ = {isa = PBXBuildFile; fileRef = 17FEB6D92C94158500C80B70 /* ViewController.swift */; };
		17FEB6DD2C94158500C80B70 /* Main.storyboard in Resources */ = {isa = PBXBuildFile; fileRef = 17FEB6DB2C94158500C80B70 /* Main.storyboard */; };
		17FEB6DF2C94158700C80B70 /* Assets.xcassets in Resources */ = {isa = PBXBuildFile; fileRef = 17FEB6DE2C94158700C80B70 /* Assets.xcassets */; };
		17FEB6E22C94158700C80B70 /* LaunchScreen.storyboard in Resources */ = {isa = PBXBuildFile; fileRef = 17FEB6E02C94158700C80B70 /* LaunchScreen.storyboard */; };
		17FEB6ED2C94158700C80B70 /* XCTestInfoTests.swift in Sources */ = {isa = PBXBuildFile; fileRef = 17FEB6EC2C94158700C80B70 /* XCTestInfoTests.swift */; };
		17FEB6F72C94158800C80B70 /* XCTestInfoUITests.swift in Sources */ = {isa = PBXBuildFile; fileRef = 17FEB6F62C94158800C80B70 /* XCTestInfoUITests.swift */; };
		17FEB6F92C94158800C80B70 /* XCTestInfoUITestsLaunchTests.swift in Sources */ = {isa = PBXBuildFile; fileRef = 17FEB6F82C94158800C80B70 /* XCTestInfoUITestsLaunchTests.swift */; };
/* End PBXBuildFile section */

/* Begin PBXContainerItemProxy section */
		17FEB6E92C94158700C80B70 /* PBXContainerItemProxy */ = {
			isa = PBXContainerItemProxy;
			containerPortal = 17FEB6CA2C94158500C80B70 /* Project object */;
			proxyType = 1;
			remoteGlobalIDString = 17FEB6D12C94158500C80B70;
			remoteInfo = XCTestInfo;
		};
		17FEB6F32C94158800C80B70 /* PBXContainerItemProxy */ = {
			isa = PBXContainerItemProxy;
			containerPortal = 17FEB6CA2C94158500C80B70 /* Project object */;
			proxyType = 1;
			remoteGlobalIDString = 17FEB6D12C94158500C80B70;
			remoteInfo = XCTestInfo;
		};
/* End PBXContainerItemProxy section */

/* Begin PBXFileReference section */
		17FEB6D22C94158500C80B70 /* XCTestInfo.app */ = {isa = PBXFileReference; explicitFileType = wrapper.application; includeInIndex = 0; path = XCTestInfo.app; sourceTree = BUILT_PRODUCTS_DIR; };
		17FEB6D52C94158500C80B70 /* AppDelegate.swift */ = {isa = PBXFileReference; lastKnownFileType = sourcecode.swift; path = AppDelegate.swift; sourceTree = "<group>"; };
		17FEB6D72C94158500C80B70 /* SceneDelegate.swift */ = {isa = PBXFileReference; lastKnownFileType = sourcecode.swift; path = SceneDelegate.swift; sourceTree = "<group>"; };
		17FEB6D92C94158500C80B70 /* ViewController.swift */ = {isa = PBXFileReference; lastKnownFileType = sourcecode.swift; path = ViewController.swift; sourceTree = "<group>"; };
		17FEB6DC2C94158500C80B70 /* Base */ = {isa = PBXFileReference; lastKnownFileType = file.storyboard; name = Base; path = Base.lproj/Main.storyboard; sourceTree = "<group>"; };
		17FEB6DE2C94158700C80B70 /* Assets.xcassets */ = {isa = PBXFileReference; lastKnownFileType = folder.assetcatalog; path = Assets.xcassets; sourceTree = "<group>"; };
		17FEB6E12C94158700C80B70 /* Base */ = {isa = PBXFileReference; lastKnownFileType = file.storyboard; name = Base; path = Base.lproj/LaunchScreen.storyboard; sourceTree = "<group>"; };
		17FEB6E32C94158700C80B70 /* Info.plist */ = {isa = PBXFileReference; lastKnownFileType = text.plist.xml; path = Info.plist; sourceTree = "<group>"; };
		17FEB6E82C94158700C80B70 /* XCTestInfoTests.xctest */ = {isa = PBXFileReference; explicitFileType = wrapper.cfbundle; includeInIndex = 0; path = XCTestInfoTests.xctest; sourceTree = BUILT_PRODUCTS_DIR; };
		17FEB6EC2C94158700C80B70 /* XCTestInfoTests.swift */ = {isa = PBXFileReference; lastKnownFileType = sourcecode.swift; path = XCTestInfoTests.swift; sourceTree = "<group>"; };
		17FEB6F22C94158800C80B70 /* XCTestInfoUITests.xctest */ = {isa = PBXFileReference; explicitFileType = wrapper.cfbundle; includeInIndex = 0; path = XCTestInfoUITests.xctest; sourceTree = BUILT_PRODUCTS_DIR; };
		17FEB6F62C94158800C80B70 /* XCTestInfoUITests.swift */ = {isa = PBXFileReference; lastKnownFileType = sourcecode.swift; path = XCTestInfoUITests.swift; sourceTree = "<group>"; };
		17FEB6F82C94158800C80B70 /* XCTestInfoUITestsLaunchTests.swift */ = {isa = PBXFileReference; lastKnownFileType = sourcecode.swift; path = XCTestInfoUITestsLaunchTests.swift; sourceTree = "<group>"; };
/* End PBXFileReference section */

/* Begin PBXFrameworksBuildPhase section */
		17FEB6CF2C94158500C80B70 /* Frameworks */ = {
			isa = PBXFrameworksBuildPhase;
			buildActionMask = 2147483647;
			files = (
			);
			runOnlyForDeploymentPostprocessing = 0;
		};
		17FEB6E52C94158700C80B70 /* Frameworks */ = {
			isa = PBXFrameworksBuildPhase;
			buildActionMask = 2147483647;
			files = (
			);
			runOnlyForDeploymentPostprocessing = 0;
		};
		17FEB6EF2C94158800C80B70 /* Frameworks */ = {
			isa = PBXFrameworksBuildPhase;
			buildActionMask = 2147483647;
			files = (
			);
			runOnlyForDeploymentPostprocessing = 0;
		};
/* End PBXFrameworksBuildPhase section */

/* Begin PBXGroup section */
		17FEB6C92C94158500C80B70 = {
			isa = PBXGroup;
			children = (
				17FEB6D42C94158500C80B70 /* XCTestInfo */,
				17FEB6EB2C94158700C80B70 /* XCTestInfoTests */,
				17FEB6F52C94158800C80B70 /* XCTestInfoUITests */,
				17FEB6D32C94158500C80B70 /* Products */,
			);
			sourceTree = "<group>";
		};
		17FEB6D32C94158500C80B70 /* Products */ = {
			isa = PBXGroup;
			children = (
				17FEB6D22C94158500C80B70 /* XCTestInfo.app */,
				17FEB6E82C94158700C80B70 /* XCTestInfoTests.xctest */,
				17FEB6F22C94158800C80B70 /* XCTestInfoUITests.xctest */,
			);
			name = Products;
			sourceTree = "<group>";
		};
		17FEB6D42C94158500C80B70 /* XCTestInfo */ = {
			isa = PBXGroup;
			children = (
				17FEB6D52C94158500C80B70 /* AppDelegate.swift */,
				17FEB6D72C94158500C80B70 /* SceneDelegate.swift */,
				17FEB6D92C94158500C80B70 /* ViewController.swift */,
				17FEB6DB2C94158500C80B70 /* Main.storyboard */,
				17FEB6DE2C94158700C80B70 /* Assets.xcassets */,
				17FEB6E02C94158700C80B70 /* LaunchScreen.storyboard */,
				17FEB6E32C94158700C80B70 /* Info.plist */,
			);
			path = XCTestInfo;
			sourceTree = "<group>";
		};
		17FEB6EB2C94158700C80B70 /* XCTestInfoTests */ = {
			isa = PBXGroup;
			children = (
				17FEB6EC2C94158700C80B70 /* XCTestInfoTests.swift */,
			);
			path = XCTestInfoTests;
			sourceTree = "<group>";
		};
		17FEB6F52C94158800C80B70 /* XCTestInfoUITests */ = {
			isa = PBXGroup;
			children = (
				17FEB6F62C94158800C80B70 /* XCTestInfoUITests.swift */,
				17FEB6F82C94158800C80B70 /* XCTestInfoUITestsLaunchTests.swift */,
			);
			path = XCTestInfoUITests;
			sourceTree = "<group>";
		};
/* End PBXGroup section */

/* Begin PBXNativeTarget section */
		17FEB6D12C94158500C80B70 /* XCTestInfo */ = {
			isa = PBXNativeTarget;
			buildConfigurationList = 17FEB6FC2C94158800C80B70 /* Build configuration list for PBXNativeTarget "XCTestInfo" */;
			buildPhases = (
				17FEB6CE2C94158500C80B70 /* Sources */,
				17FEB6CF2C94158500C80B70 /* Frameworks */,
				17FEB6D02C94158500C80B70 /* Resources */,
			);
			buildRules = (
			);
			dependencies = (
			);
			name = XCTestInfo;
			productName = XCTestInfo;
			productReference = 17FEB6D22C94158500C80B70 /* XCTestInfo.app */;
			productType = "com.apple.product-type.application";
		};
		17FEB6E72C94158700C80B70 /* XCTestInfoTests */ = {
			isa = PBXNativeTarget;
			buildConfigurationList = 17FEB6FF2C94158800C80B70 /* Build configuration list for PBXNativeTarget "XCTestInfoTests" */;
			buildPhases = (
				17FEB6E42C94158700C80B70 /* Sources */,
				17FEB6E52C94158700C80B70 /* Frameworks */,
				17FEB6E62C94158700C80B70 /* Resources */,
			);
			buildRules = (
			);
			dependencies = (
				17FEB6EA2C94158700C80B70 /* PBXTargetDependency */,
			);
			name = XCTestInfoTests;
			productName = XCTestInfoTests;
			productReference = 17FEB6E82C94158700C80B70 /* XCTestInfoTests.xctest */;
			productType = "com.apple.product-type.bundle.unit-test";
		};
		17FEB6F12C94158800C80B70 /* XCTestInfoUITests */ = {
			isa = PBXNativeTarget;
			buildConfigurationList = 17FEB7022C94158800C80B70 /* Build configuration list for PBXNativeTarget "XCTestInfoUITests" */;
			buildPhases = (
				17FEB6EE2C94158800C80B70 /* Sources */,
				17FEB6EF2C94158800C80B70 /* Frameworks */,
				17FEB6F02C94158800C80B70 /* Resources */,
			);
			buildRules = (
			);
			dependencies = (
				17FEB6F42C94158800C80B70 /* PBXTargetDependency */,
			);
			name = XCTestInfoUITests;
			productName = XCTestInfoUITests;
			productReference = 17FEB6F22C94158800C80B70 /* XCTestInfoUITests.xctest */;
			productType = "com.apple.product-type.bundle.ui-testing";
		};
/* End PBXNativeTarget section */

/* Begin PBXProject section */
		17FEB6CA2C94158500C80B70 /* Project object */ = {
			isa = PBXProject;
			attributes = {
				BuildIndependentTargetsInParallel = 1;
				LastSwiftUpdateCheck = 1500;
				LastUpgradeCheck = 1500;
				TargetAttributes = {
					17FEB6D12C94158500C80B70 = {
						CreatedOnToolsVersion = 15.0.1;
					};
					17FEB6E72C94158700C80B70 = {
						CreatedOnToolsVersion = 15.0.1;
						TestTargetID = 17FEB6D12C94158500C80B70;
					};
					17FEB6F12C94158800C80B70 = {
						CreatedOnToolsVersion = 15.0.1;
						TestTargetID = 17FEB6D12C94158500C80B70;
					};
				};
			};
			buildConfigurationList = 17FEB6CD2C94158500C80B70 /* Build configuration list for PBXProject "XCTestInfo" */;
			compatibilityVersion = "Xcode 14.0";
			developmentRegion = en;
			hasScannedForEncodings = 0;
			knownRegions = (
				en,
				Base,
			);
			mainGroup = 17FEB6C92C94158500C80B70;
			productRefGroup = 17FEB6D32C94158500C80B70 /* Products */;
			projectDirPath = "";
			projectRoot = "";
			targets = (
				17FEB6D12C94158500C80B70 /* XCTestInfo */,
				17FEB6E72C94158700C80B70 /* XCTestInfoTests */,
				17FEB6F12C94158800C80B70 /* XCTestInfoUITests */,
			);
		};
/* End PBXProject section */

/* Begin PBXResourcesBuildPhase section */
		17FEB6D02C94158500C80B70 /* Resources */ = {
			isa = PBXResourcesBuildPhase;
			buildActionMask = 2147483647;
			files = (
				17FEB6E22C94158700C80B70 /* LaunchScreen.storyboard in Resources */,
				17FEB6DF2C94158700C80B70 /* Assets.xcassets in Resources */,
				17FEB6DD2C94158500C80B70 /* Main.storyboard in Resources */,
			);
			runOnlyForDeploymentPostprocessing = 0;
		};
		17FEB6E62C94158700C80B70 /* Resources */ = {
			isa = PBXResourcesBuildPhase;
			buildActionMask = 2147483647;
			files = (
			);
			runOnlyForDeploymentPostprocessing = 0;
		};
		17FEB6F02C94158800C80B70 /* Resources */ = {
			isa = PBXResourcesBuildPhase;
			buildActionMask = 2147483647;
			files = (
			);
			runOnlyForDeploymentPostprocessing = 0;
		};
/* End PBXResourcesBuildPhase section */

/* Begin PBXSourcesBuildPhase section */
		17FEB6CE2C94158500C80B70 /* Sources */ = {
			isa = PBXSourcesBuildPhase;
			buildActionMask = 2147483647;
			files = (
				17FEB6DA2C94158500C80B70 /* ViewController.swift in Sources */,
				17FEB6D62C94158500C80B70 /* AppDelegate.swift in Sources */,
				17FEB6D82C94158500C80B70 /* SceneDelegate.swift in Sources */,
			);
			runOnlyForDeploymentPostprocessing = 0;
		};
		17FEB6E42C94158700C80B70 /* Sources */ = {
			isa = PBXSourcesBuildPhase;
			buildActionMask = 2147483647;
			files = (
				17FEB6ED2C94158700C80B70 /* XCTestInfoTests.swift in Sources */,
			);
			runOnlyForDeploymentPostprocessing = 0;
		};
		17FEB6EE2C94158800C80B70 /* Sources */ = {
			isa = PBXSourcesBuildPhase;
			buildActionMask = 2147483647;
			files = (
				17FEB6F72C94158800C80B70 /* XCTestInfoUITests.swift in Sources */,
				17FEB6F92C94158800C80B70 /* XCTestInfoUITestsLaunchTests.swift in Sources */,
			);
			runOnlyForDeploymentPostprocessing = 0;
		};
/* End PBXSourcesBuildPhase section */

/* Begin PBXTargetDependency section */
		17FEB6EA2C94158700C80B70 /* PBXTargetDependency */ = {
			isa = PBXTargetDependency;
			target = 17FEB6D12C94158500C80B70 /* XCTestInfo */;
			targetProxy = 17FEB6E92C94158700C80B70 /* PBXContainerItemProxy */;
		};
		17FEB6F42C94158800C80B70 /* PBXTargetDependency */ = {
			isa = PBXTargetDependency;
			target = 17FEB6D12C94158500C80B70 /* XCTestInfo */;
			targetProxy = 17FEB6F32C94158800C80B70 /* PBXContainerItemProxy */;
		};
/* End PBXTargetDependency section */

/* Begin PBXVariantGroup section */
		17FEB6DB2C94158500C80B70 /* Main.storyboard */ = {
			isa = PBXVariantGroup;
			children = (
				17FEB6DC2C94158500C80B70 /* Base */,
			);
			name = Main.storyboard;
			sourceTree = "<group>";
		};
		17FEB6E02C94158700C80B70 /* LaunchScreen.storyboard */ = {
			isa = PBXVariantGroup;
			children = (
				17FEB6E12C94158700C80B70 /* Base */,
			);
			name = LaunchScreen.storyboard;
			sourceTree = "<group>";
		};
/* End PBXVariantGroup section */

/* Begin XCBuildConfiguration section */
		17FEB6FA2C94158800C80B70 /* Debug */ = {
			isa = XCBuildConfiguration;
			buildSettings = {
				ALWAYS_SEARCH_USER_PATHS = NO;
				ASSETCATALOG_COMPILER_GENERATE_SWIFT_ASSET_SYMBOL_EXTENSIONS = YES;
				CLANG_ANALYZER_NONNULL = YES;
				CLANG_ANALYZER_NUMBER_OBJECT_CONVERSION = YES_AGGRESSIVE;
				CLANG_CXX_LANGUAGE_STANDARD = "gnu++20";
				CLANG_ENABLE_MODULES = YES;
				CLANG_ENABLE_OBJC_ARC = YES;
				CLANG_ENABLE_OBJC_WEAK = YES;
				CLANG_WARN_BLOCK_CAPTURE_AUTORELEASING = YES;
				CLANG_WARN_BOOL_CONVERSION = YES;
				CLANG_WARN_COMMA = YES;
				CLANG_WARN_CONSTANT_CONVERSION = YES;
				CLANG_WARN_DEPRECATED_OBJC_IMPLEMENTATIONS = YES;
				CLANG_WARN_DIRECT_OBJC_ISA_USAGE = YES_ERROR;
				CLANG_WARN_DOCUMENTATION_COMMENTS = YES;
				CLANG_WARN_EMPTY_BODY = YES;
				CLANG_WARN_ENUM_CONVERSION = YES;
				CLANG_WARN_INFINITE_RECURSION = YES;
				CLANG_WARN_INT_CONVERSION = YES;
				CLANG_WARN_NON_LITERAL_NULL_CONVERSION = YES;
				CLANG_WARN_OBJC_IMPLICIT_RETAIN_SELF = YES;
				CLANG_WARN_OBJC_LITERAL_CONVERSION = YES;
				CLANG_WARN_OBJC_ROOT_CLASS = YES_ERROR;
				CLANG_WARN_QUOTED_INCLUDE_IN_FRAMEWORK_HEADER = YES;
				CLANG_WARN_RANGE_LOOP_ANALYSIS = YES;
				CLANG_WARN_STRICT_PROTOTYPES = YES;
				CLANG_WARN_SUSPICIOUS_MOVE = YES;
				CLANG_WARN_UNGUARDED_AVAILABILITY = YES_AGGRESSIVE;
				CLANG_WARN_UNREACHABLE_CODE = YES;
				CLANG_WARN__DUPLICATE_METHOD_MATCH = YES;
				COPY_PHASE_STRIP = NO;
				DEBUG_INFORMATION_FORMAT = dwarf;
				ENABLE_STRICT_OBJC_MSGSEND = YES;
				ENABLE_TESTABILITY = YES;
				ENABLE_USER_SCRIPT_SANDBOXING = YES;
				GCC_C_LANGUAGE_STANDARD = gnu17;
				GCC_DYNAMIC_NO_PIC = NO;
				GCC_NO_COMMON_BLOCKS = YES;
				GCC_OPTIMIZATION_LEVEL = 0;
				GCC_PREPROCESSOR_DEFINITIONS = (
					"DEBUG=1",
					"$(inherited)",
				);
				GCC_WARN_64_TO_32_BIT_CONVERSION = YES;
				GCC_WARN_ABOUT_RETURN_TYPE = YES_ERROR;
				GCC_WARN_UNDECLARED_SELECTOR = YES;
				GCC_WARN_UNINITIALIZED_AUTOS = YES_AGGRESSIVE;
				GCC_WARN_UNUSED_FUNCTION = YES;
				GCC_WARN_UNUSED_VARIABLE = YES;
				IPHONEOS_DEPLOYMENT_TARGET = 17.0;
				LOCALIZATION_PREFERS_STRING_CATALOGS = YES;
				MTL_ENABLE_DEBUG_INFO = INCLUDE_SOURCE;
				MTL_FAST_MATH = YES;
				ONLY_ACTIVE_ARCH = YES;
				SDKROOT = iphoneos;
				SWIFT_ACTIVE_COMPILATION_CONDITIONS = "DEBUG $(inherited)";
				SWIFT_OPTIMIZATION_LEVEL = "-Onone";
			};
			name = Debug;
		};
		17FEB6FB2C94158800C80B70 /* Release */ = {
			isa = XCBuildConfiguration;
			buildSettings = {
				ALWAYS_SEARCH_USER_PATHS = NO;
				ASSETCATALOG_COMPILER_GENERATE_SWIFT_ASSET_SYMBOL_EXTENSIONS = YES;
				CLANG_ANALYZER_NONNULL = YES;
				CLANG_ANALYZER_NUMBER_OBJECT_CONVERSION = YES_AGGRESSIVE;
				CLANG_CXX_LANGUAGE_STANDARD = "gnu++20";
				CLANG_ENABLE_MODULES = YES;
				CLANG_ENABLE_OBJC_ARC = YES;
				CLANG_ENABLE_OBJC_WEAK = YES;
				CLANG_WARN_BLOCK_CAPTURE_AUTORELEASING = YES;
				CLANG_WARN_BOOL_CONVERSION = YES;
				CLANG_WARN_COMMA = YES;
				CLANG_WARN_CONSTANT_CONVERSION = YES;
				CLANG_WARN_DEPRECATED_OBJC_IMPLEMENTATIONS = YES;
				CLANG_WARN_DIRECT_OBJC_ISA_USAGE = YES_ERROR;
				CLANG_WARN_DOCUMENTATION_COMMENTS = YES;
				CLANG_WARN_EMPTY_BODY = YES;
				CLANG_WARN_ENUM_CONVERSION = YES;
				CLANG_WARN_INFINITE_RECURSION = YES;
				CLANG_WARN_INT_CONVERSION = YES;
				CLANG_WARN_NON_LITERAL_NULL_CONVERSION = YES;
				CLANG_WARN_OBJC_IMPLICIT_RETAIN_SELF = YES;
				CLANG_WARN_OBJC_LITERAL_CONVERSION = YES;
				CLANG_WARN_OBJC_ROOT_CLASS = YES_ERROR;
				CLANG_WARN_QUOTED_INCLUDE_IN_FRAMEWORK_HEADER = YES;
				CLANG_WARN_RANGE_LOOP_ANALYSIS = YES;
				CLANG_WARN_STRICT_PROTOTYPES = YES;
				CLANG_WARN_SUSPICIOUS_MOVE = YES;
				CLANG_WARN_UNGUARDED_AVAILABILITY = YES_AGGRESSIVE;
				CLANG_WARN_UNREACHABLE_CODE = YES;
				CLANG_WARN__DUPLICATE_METHOD_MATCH = YES;
				COPY_PHASE_STRIP = NO;
				DEBUG_INFORMATION_FORMAT = "dwarf-with-dsym";
				ENABLE_NS_ASSERTIONS = NO;
				ENABLE_STRICT_OBJC_MSGSEND = YES;
				ENABLE_USER_SCRIPT_SANDBOXING = YES;
				GCC_C_LANGUAGE_STANDARD = gnu17;
				GCC_NO_COMMON_BLOCKS = YES;
				GCC_WARN_64_TO_32_BIT_CONVERSION = YES;
				GCC_WARN_ABOUT_RETURN_TYPE = YES_ERROR;
				GCC_WARN_UNDECLARED_SELECTOR = YES;
				GCC_WARN_UNINITIALIZED_AUTOS = YES_AGGRESSIVE;
				GCC_WARN_UNUSED_FUNCTION = YES;
				GCC_WARN_UNUSED_VARIABLE = YES;
				IPHONEOS_DEPLOYMENT_TARGET = 17.0;
				LOCALIZATION_PREFERS_STRING_CATALOGS = YES;
				MTL_ENABLE_DEBUG_INFO = NO;
				MTL_FAST_MATH = YES;
				SDKROOT = iphoneos;
				SWIFT_COMPILATION_MODE = wholemodule;
				VALIDATE_PRODUCT = YES;
			};
			name = Release;
		};
		17FEB6FD2C94158800C80B70 /* Debug */ = {
			isa = XCBuildConfiguration;
			buildSettings = {
				ASSETCATALOG_COMPILER_APPICON_NAME = AppIcon;
				ASSETCATALOG_COMPILER_GLOBAL_ACCENT_COLOR_NAME = AccentColor;
				CODE_SIGN_STYLE = Automatic;
				CURRENT_PROJECT_VERSION = 1;
				DEVELOPMENT_TEAM = PXF3Q3GMS9;
				GENERATE_INFOPLIST_FILE = YES;
				INFOPLIST_FILE = XCTestInfo/Info.plist;
				INFOPLIST_KEY_UIApplicationSupportsIndirectInputEvents = YES;
				INFOPLIST_KEY_UILaunchStoryboardName = LaunchScreen;
				INFOPLIST_KEY_UIMainStoryboardFile = Main;
				INFOPLIST_KEY_UISupportedInterfaceOrientations_iPad = "UIInterfaceOrientationPortrait UIInterfaceOrientationPortraitUpsideDown UIInterfaceOrientationLandscapeLeft UIInterfaceOrientationLandscapeRight";
				INFOPLIST_KEY_UISupportedInterfaceOrientations_iPhone = "UIInterfaceOrientationPortrait UIInterfaceOrientationLandscapeLeft UIInterfaceOrientationLandscapeRight";
				LD_RUNPATH_SEARCH_PATHS = (
					"$(inherited)",
					"@executable_path/Frameworks",
				);
				MARKETING_VERSION = 1.0;
				PRODUCT_BUNDLE_IDENTIFIER = com.magene.XCTestInfo;
				PRODUCT_NAME = "$(TARGET_NAME)";
				SWIFT_EMIT_LOC_STRINGS = YES;
				SWIFT_VERSION = 5.0;
				TARGETED_DEVICE_FAMILY = "1,2";
			};
			name = Debug;
		};
		17FEB6FE2C94158800C80B70 /* Release */ = {
			isa = XCBuildConfiguration;
			buildSettings = {
				ASSETCATALOG_COMPILER_APPICON_NAME = AppIcon;
				ASSETCATALOG_COMPILER_GLOBAL_ACCENT_COLOR_NAME = AccentColor;
				CODE_SIGN_STYLE = Automatic;
				CURRENT_PROJECT_VERSION = 1;
				DEVELOPMENT_TEAM = PXF3Q3GMS9;
				GENERATE_INFOPLIST_FILE = YES;
				INFOPLIST_FILE = XCTestInfo/Info.plist;
				INFOPLIST_KEY_UIApplicationSupportsIndirectInputEvents = YES;
				INFOPLIST_KEY_UILaunchStoryboardName = LaunchScreen;
				INFOPLIST_KEY_UIMainStoryboardFile = Main;
				INFOPLIST_KEY_UISupportedInterfaceOrientations_iPad = "UIInterfaceOrientationPortrait UIInterfaceOrientationPortraitUpsideDown UIInterfaceOrientationLandscapeLeft UIInterfaceOrientationLandscapeRight";
				INFOPLIST_KEY_UISupportedInterfaceOrientations_iPhone = "UIInterfaceOrientationPortrait UIInterfaceOrientationLandscapeLeft UIInterfaceOrientationLandscapeRight";
				LD_RUNPATH_SEARCH_PATHS = (
					"$(inherited)",
					"@executable_path/Frameworks",
				);
				MARKETING_VERSION = 1.0;
				PRODUCT_BUNDLE_IDENTIFIER = com.magene.XCTestInfo;
				PRODUCT_NAME = "$(TARGET_NAME)";
				SWIFT_EMIT_LOC_STRINGS = YES;
				SWIFT_VERSION = 5.0;
				TARGETED_DEVICE_FAMILY = "1,2";
			};
			name = Release;
		};
		17FEB7002C94158800C80B70 /* Debug */ = {
			isa = XCBuildConfiguration;
			buildSettings = {
				ALWAYS_EMBED_SWIFT_STANDARD_LIBRARIES = YES;
				BUNDLE_LOADER = "$(TEST_HOST)";
				CODE_SIGN_STYLE = Automatic;
				CURRENT_PROJECT_VERSION = 1;
				DEVELOPMENT_TEAM = PXF3Q3GMS9;
				GENERATE_INFOPLIST_FILE = YES;
				IPHONEOS_DEPLOYMENT_TARGET = 17.0;
				MARKETING_VERSION = 1.0;
				PRODUCT_BUNDLE_IDENTIFIER = com.magene.XCTestInfoTests;
				PRODUCT_NAME = "$(TARGET_NAME)";
				SWIFT_EMIT_LOC_STRINGS = NO;
				SWIFT_VERSION = 5.0;
				TARGETED_DEVICE_FAMILY = "1,2";
				TEST_HOST = "$(BUILT_PRODUCTS_DIR)/XCTestInfo.app/$(BUNDLE_EXECUTABLE_FOLDER_PATH)/XCTestInfo";
			};
			name = Debug;
		};
		17FEB7012C94158800C80B70 /* Release */ = {
			isa = XCBuildConfiguration;
			buildSettings = {
				ALWAYS_EMBED_SWIFT_STANDARD_LIBRARIES = YES;
				BUNDLE_LOADER = "$(TEST_HOST)";
				CODE_SIGN_STYLE = Automatic;
				CURRENT_PROJECT_VERSION = 1;
				DEVELOPMENT_TEAM = PXF3Q3GMS9;
				GENERATE_INFOPLIST_FILE = YES;
				IPHONEOS_DEPLOYMENT_TARGET = 17.0;
				MARKETING_VERSION = 1.0;
				PRODUCT_BUNDLE_IDENTIFIER = com.magene.XCTestInfoTests;
				PRODUCT_NAME = "$(TARGET_NAME)";
				SWIFT_EMIT_LOC_STRINGS = NO;
				SWIFT_VERSION = 5.0;
				TARGETED_DEVICE_FAMILY = "1,2";
				TEST_HOST = "$(BUILT_PRODUCTS_DIR)/XCTestInfo.app/$(BUNDLE_EXECUTABLE_FOLDER_PATH)/XCTestInfo";
			};
			name = Release;
		};
		17FEB7032C94158800C80B70 /* Debug */ = {
			isa = XCBuildConfiguration;
			buildSettings = {
				ALWAYS_EMBED_SWIFT_STANDARD_LIBRARIES = YES;
				CODE_SIGN_STYLE = Automatic;
				CURRENT_PROJECT_VERSION = 1;
				DEVELOPMENT_TEAM = PXF3Q3GMS9;
				GENERATE_INFOPLIST_FILE = YES;
				MARKETING_VERSION = 1.0;
				PRODUCT_BUNDLE_IDENTIFIER = com.magene.XCTestInfoUITests;
				PRODUCT_NAME = "$(TARGET_NAME)";
				SWIFT_EMIT_LOC_STRINGS = NO;
				SWIFT_VERSION = 5.0;
				TARGETED_DEVICE_FAMILY = "1,2";
				TEST_TARGET_NAME = XCTestInfo;
			};
			name = Debug;
		};
		17FEB7042C94158800C80B70 /* Release */ = {
			isa = XCBuildConfiguration;
			buildSettings = {
				ALWAYS_EMBED_SWIFT_STANDARD_LIBRARIES = YES;
				CODE_SIGN_STYLE = Automatic;
				CURRENT_PROJECT_VERSION = 1;
				DEVELOPMENT_TEAM = PXF3Q3GMS9;
				GENERATE_INFOPLIST_FILE = YES;
				MARKETING_VERSION = 1.0;
				PRODUCT_BUNDLE_IDENTIFIER = com.magene.XCTestInfoUITests;
				PRODUCT_NAME = "$(TARGET_NAME)";
				SWIFT_EMIT_LOC_STRINGS = NO;
				SWIFT_VERSION = 5.0;
				TARGETED_DEVICE_FAMILY = "1,2";
				TEST_TARGET_NAME = XCTestInfo;
			};
			name = Release;
		};
/* End XCBuildConfiguration section */

/* Begin XCConfigurationList section */
		17FEB6CD2C94158500C80B70 /* Build configuration list for PBXProject "XCTestInfo" */ = {
			isa = XCConfigurationList;
			buildConfigurations = (
				17FEB6FA2C94158800C80B70 /* Debug */,
				17FEB6FB2C94158800C80B70 /* Release */,
			);
			defaultConfigurationIsVisible = 0;
			defaultConfigurationName = Release;
		};
		17FEB6FC2C94158800C80B70 /* Build configuration list for PBXNativeTarget "XCTestInfo" */ = {
			isa = XCConfigurationList;
			buildConfigurations = (
				17FEB6FD2C94158800C80B70 /* Debug */,
				17FEB6FE2C94158800C80B70 /* Release */,
			);
			defaultConfigurationIsVisible = 0;
			defaultConfigurationName = Release;
		};
		17FEB6FF2C94158800C80B70 /* Build configuration list for PBXNativeTarget "XCTestInfoTests" */ = {
			isa = XCConfigurationList;
			buildConfigurations = (
				17FEB7002C94158800C80B70 /* Debug */,
				17FEB7012C94158800C80B70 /* Release */,
			);
			defaultConfigurationIsVisible = 0;
			defaultConfigurationName = Release;
		};
		17FEB7022C94158800C80B70 /* Build configuration list for PBXNativeTarget "XCTestInfoUITests" */ = {
			isa = XCConfigurationList;
			buildConfigurations = (
				17FEB7032C94158800C80B70 /* Debug */,
				17FEB7042C94158800C80B70 /* Release */,
			);
			defaultConfigurationIsVisible = 0;
			defaultConfigurationName = Release;
		};
/* End XCConfigurationList section */
	};
	rootObject = 17FEB6CA2C94158500C80B70 /* Project object */;
}
